{
  "name": "t2-sentiment-agent-agent-hub",
  "version": "0.0.0",
  "lockfileVersion": 3,
  "requires": true,
  "packages": {
    "": {
      "name": "t2-sentiment-agent-agent-hub",
      "version": "0.0.0",
      "license": "MIT",
      "dependencies": {
        "@bitget-ai/bitget-agent-cli": "3.0.0",
        "@bitget-ai/bitget-agent-sdk": "3.0.0"
      },
      "engines": {
        "node": ">=20.0.0"
      }
    },
    "node_modules/@bitget-ai/bitget-agent-cli": {
      "version": "3.0.0",
      "resolved": "https://registry.npmjs.org/@bitget-ai/bitget-agent-cli/-/bitget-agent-cli-3.0.0.tgz",
      "integrity": "sha512-iE14KWFRqwR9ZCHOK5gVKtVjzYCbjp8/8/ZytSw0dXPsImLOq8+fouPVh5Via3fI8PCWGiIiTAaenxcGHB/4Cg==",
      "license": "MIT",
      "dependencies": {
        "@bitget-ai/bitget-agent-sdk": "^3.0.0"
      },
      "bin": {
        "bgc": "lib/index.js"
      },
      "engines": {
        "node": ">=20.0.0"
      }
    },
    "node_modules/@bitget-ai/bitget-agent-sdk": {
      "version": "3.0.0",
      "resolved": "https://registry.npmjs.org/@bitget-ai/bitget-agent-sdk/-/bitget-agent-sdk-3.0.0.tgz",
      "integrity": "sha512-/VCwNjpCMO6n22tPCGlJX43Qr0xG8iOz1F/StrefOOMJfBIx+Db2SR1PcoF7DgADktfPF+47Vc8RrkDDGQ/7aQ==",
      "license": "MIT",
      "bin": {
        "bitget-mock-server": "lib/bin/mock-server.js"
      },
      "engines": {
        "node": ">=20"
      }
    }
  }
}
